// !$*UTF8*$!
{
	archiveVersion = 1;
	classes = {
	};
	objectVersion = 46;
	objects = {

/* Begin PBXBuildFile section */
		C58114601EF95A3A00CEF08E /* AppDelegate.swift in Sources */ = {isa = PBXBuildFile; fileRef = C581145F1EF95A3A00CEF08E /* AppDelegate.swift */; };
		C58114621EF95A3A00CEF08E /* ViewController.swift in Sources */ = {isa = PBXBuildFile; fileRef = C58114611EF95A3A00CEF08E /* ViewController.swift */; };
		C58114651EF95A3A00CEF08E /* Main.storyboard in Resources */ = {isa = PBXBuildFile; fileRef = C58114631EF95A3A00CEF08E /* Main.storyboard */; };
		C58114671EF95A3A00CEF08E /* Assets.xcassets in Resources */ = {isa = PBXBuildFile; fileRef = C58114661EF95A3A00CEF08E /* Assets.xcassets */; };
		C581146A1EF95A3A00CEF08E /* LaunchScreen.storyboard in Resources */ = {isa = PBXBuildFile; fileRef = C58114681EF95A3A00CEF08E /* LaunchScreen.storyboard */; };
/* End PBXBuildFile section */

/* Begin PBXFileReference section */
		C581145C1EF95A3A00CEF08E /* testingCarthage.app */ = {isa = PBXFileReference; explicitFileType = wrapper.application; includeInIndex = 0; path = testingCarthage.app; sourceTree = BUILT_PRODUCTS_DIR; };
		C581145F1EF95A3A00CEF08E /* AppDelegate.swift */ = {isa = PBXFileReference; lastKnownFileType = sourcecode.swift; path = AppDelegate.swift; sourceTree = "<group>"; };
		C58114611EF95A3A00CEF08E /* ViewController.swift */ = {isa = PBXFileReference; lastKnownFileType = sourcecode.swift; path = ViewController.swift; sourceTree = "<group>"; };
		C58114641EF95A3A00CEF08E /* Base */ = {isa = PBXFileReference; lastKnownFileType = file.storyboard; name = Base; path = Base.lproj/Main.storyboard; sourceTree = "<group>"; };
		C58114661EF95A3A00CEF08E /* Assets.xcassets */ = {isa = PBXFileReference; lastKnownFileType = folder.assetcatalog; path = Assets.xcassets; sourceTree = "<group>"; };
		C58114691EF95A3A00CEF08E /* Base */ = {isa = PBXFileReference; lastKnownFileType = file.storyboard; name = Base; path = Base.lproj/LaunchScreen.storyboard; sourceTree = "<group>"; };
		C581146B1EF95A3A00CEF08E /* Info.plist */ = {isa = PBXFileReference; lastKnownFileType = text.plist.xml; path = Info.plist; sourceTree = "<group>"; };
/* End PBXFileReference section */

/* Begin PBXFrameworksBuildPhase section */
		C58114591EF95A3A00CEF08E /* Frameworks */ = {
			isa = PBXFrameworksBuildPhase;
			buildActionMask = 2147483647;
			files = (
			);
			runOnlyForDeploymentPostprocessing = 0;
		};
/* End PBXFrameworksBuildPhase section */

/* Begin PBXGroup section */
		C58114531EF95A3A00CEF08E = {
			isa = PBXGroup;
			children = (
				C581145E1EF95A3A00CEF08E /* testingCarthage */,
				C581145D1EF95A3A00CEF08E /* Products */,
			);
			sourceTree = "<group>";
		};
		C581145D1EF95A3A00CEF08E /* Products */ = {
			isa = PBXGroup;
			children = (
				C581145C1EF95A3A00CEF08E /* testingCarthage.app */,
			);
			name = Products;
			sourceTree = "<group>";
		};
		C581145E1EF95A3A00CEF08E /* testingCarthage */ = {
			isa = PBXGroup;
			children = (
				C581145F1EF95A3A00CEF08E /* AppDelegate.swift */,
				C58114611EF95A3A00CEF08E /* ViewController.swift */,
				C58114631EF95A3A00CEF08E /* Main.storyboard */,
				C58114661EF95A3A00CEF08E /* Assets.xcassets */,
				C58114681EF95A3A00CEF08E /* LaunchScreen.storyboard */,
				C581146B1EF95A3A00CEF08E /* Info.plist */,
			);
			path = testingCarthage;
			sourceTree = "<group>";
		};
/* End PBXGroup section */

/* Begin PBXNativeTarget section */
		C581145B1EF95A3A00CEF08E /* testingCarthage */ = {
			isa = PBXNativeTarget;
			buildConfigurationList = C581146E1EF95A3A00CEF08E /* Build configuration list for PBXNativeTarget "testingCarthage" */;
			buildPhases = (
				C58114581EF95A3A00CEF08E /* Sources */,
				C58114591EF95A3A00CEF08E /* Frameworks */,
				C581145A1EF95A3A00CEF08E /* Resources */,
			);
			buildRules = (
			);
			dependencies = (
			);
			name = testingCarthage;
			productName = testingCarthage;
			productReference = C581145C1EF95A3A00CEF08E /* testingCarthage.app */;
			productType = "com.apple.product-type.application";
		};
/* End PBXNativeTarget section */

/* Begin PBXProject section */
		C58114541EF95A3A00CEF08E /* Project object */ = {
			isa = PBXProject;
			attributes = {
				LastSwiftUpdateCheck = 0810;
				LastUpgradeCheck = 0810;
				ORGANIZATIONNAME = "Pankaj Ramchandani & Co.";
				TargetAttributes = {
					C581145B1EF95A3A00CEF08E = {
						CreatedOnToolsVersion = 8.1;
						ProvisioningStyle = Automatic;
					};
				};
			};
			buildConfigurationList = C58114571EF95A3A00CEF08E /* Build configuration list for PBXProject "testingCarthage" */;
			compatibilityVersion = "Xcode 3.2";
			developmentRegion = English;
			hasScannedForEncodings = 0;
			knownRegions = (
				en,
				Base,
			);
			mainGroup = C58114531EF95A3A00CEF08E;
			productRefGroup = C581145D1EF95A3A00CEF08E /* Products */;
			projectDirPath = "";
			projectRoot = "";
			targets = (
				C581145B1EF95A3A00CEF08E /* testingCarthage */,
			);
		};
/* End PBXProject section */

/* Begin PBXResourcesBuildPhase section */
		C581145A1EF95A3A00CEF08E /* Resources */ = {
			isa = PBXResourcesBuildPhase;
			buildActionMask = 2147483647;
			files = (
				C581146A1EF95A3A00CEF08E /* LaunchScreen.storyboard in Resources */,
				C58114671EF95A3A00CEF08E /* Assets.xcassets in Resources */,
				C58114651EF95A3A00CEF08E /* Main.storyboard in Resources */,
			);
			runOnlyForDeploymentPostprocessing = 0;
		};
/* End PBXResourcesBuildPhase section */

/* Begin PBXSourcesBuildPhase section */
		C58114581EF95A3A00CEF08E /* Sources */ = {
			isa = PBXSourcesBuildPhase;
			buildActionMask = 2147483647;
			files = (
				C58114621EF95A3A00CEF08E /* ViewController.swift in Sources */,
				C58114601EF95A3A00CEF08E /* AppDelegate.swift in Sources */,
			);
			runOnlyForDeploymentPostprocessing = 0;
		};
/* End PBXSourcesBuildPhase section */

/* Begin PBXVariantGroup section */
		C58114631EF95A3A00CEF08E /* Main.storyboard */ = {
			isa = PBXVariantGroup;
			children = (
				C58114641EF95A3A00CEF08E /* Base */,
			);
			name = Main.storyboard;
			sourceTree = "<group>";
		};
		C58114681EF95A3A00CEF08E /* LaunchScreen.storyboard */ = {
			isa = PBXVariantGroup;
			children = (
				C58114691EF95A3A00CEF08E /* Base */,
			);
			name = LaunchScreen.storyboard;
			sourceTree = "<group>";
		};
/* End PBXVariantGroup section */

/* Begin XCBuildConfiguration section */
		C581146C1EF95A3A00CEF08E /* Debug */ = {
			isa = XCBuildConfiguration;
			buildSettings = {
				ALWAYS_SEARCH_USER_PATHS = NO;
				CLANG_ANALYZER_NONNULL = YES;
				CLANG_CXX_LANGUAGE_STANDARD = "gnu++0x";
				CLANG_CXX_LIBRARY = "libc++";
				CLANG_ENABLE_MODULES = YES;
				CLANG_ENABLE_OBJC_ARC = YES;
				CLANG_WARN_BOOL_CONVERSION = YES;
				CLANG_WARN_CONSTANT_CONVERSION = YES;
				CLANG_WARN_DIRECT_OBJC_ISA_USAGE = YES_ERROR;
				CLANG_WARN_DOCUMENTATION_COMMENTS = YES;
				CLANG_WARN_EMPTY_BODY = YES;
				CLANG_WARN_ENUM_CONVERSION = YES;
				CLANG_WARN_INFINITE_RECURSION = YES;
				CLANG_WARN_INT_CONVERSION = YES;
				CLANG_WARN_OBJC_ROOT_CLASS = YES_ERROR;
				CLANG_WARN_SUSPICIOUS_MOVES = YES;
				CLANG_WARN_UNREACHABLE_CODE = YES;
				CLANG_WARN__DUPLICATE_METHOD_MATCH = YES;
				"CODE_SIGN_IDENTITY[sdk=iphoneos*]" = "iPhone Developer";
				COPY_PHASE_STRIP = NO;
				DEBUG_INFORMATION_FORMAT = dwarf;
				ENABLE_STRICT_OBJC_MSGSEND = YES;
				ENABLE_TESTABILITY = YES;
				GCC_C_LANGUAGE_STANDARD = gnu99;
				GCC_DYNAMIC_NO_PIC = NO;
				GCC_NO_COMMON_BLOCKS = YES;
				GCC_OPTIMIZATION_LEVEL = 0;
				GCC_PREPROCESSOR_DEFINITIONS = (
					"DEBUG=1",
					"$(inherited)",
				);
				GCC_WARN_64_TO_32_BIT_CONVERSION = YES;
				GCC_WARN_ABOUT_RETURN_TYPE = YES_ERROR;
				GCC_WARN_UNDECLARED_SELECTOR = YES;
				GCC_WARN_UNINITIALIZED_AUTOS = YES_AGGRESSIVE;
				GCC_WARN_UNUSED_FUNCTION = YES;
				GCC_WARN_UNUSED_VARIABLE = YES;
				IPHONEOS_DEPLOYMENT_TARGET = 10.1;
				MTL_ENABLE_DEBUG_INFO = YES;
				ONLY_ACTIVE_ARCH = YES;
				SDKROOT = iphoneos;
				SWIFT_ACTIVE_COMPILATION_CONDITIONS = DEBUG;
				SWIFT_OPTIMIZATION_LEVEL = "-Onone";
			};
			name = Debug;
		};
		C581146D1EF95A3A00CEF08E /* Release */ = {
			isa = XCBuildConfiguration;
			buildSettings = {
				ALWAYS_SEARCH_USER_PATHS = NO;
				CLANG_ANALYZER_NONNULL = YES;
				CLANG_CXX_LANGUAGE_STANDARD = "gnu++0x";
				CLANG_CXX_LIBRARY = "libc++";
				CLANG_ENABLE_MODULES = YES;
				CLANG_ENABLE_OBJC_ARC = YES;
				CLANG_WARN_BOOL_CONVERSION = YES;
				CLANG_WARN_CONSTANT_CONVERSION = YES;
				CLANG_WARN_DIRECT_OBJC_ISA_USAGE = YES_ERROR;
				CLANG_WARN_DOCUMENTATION_COMMENTS = YES;
				CLANG_WARN_EMPTY_BODY = YES;
				CLANG_WARN_ENUM_CONVERSION = YES;
				CLANG_WARN_INFINITE_RECURSION = YES;
				CLANG_WARN_INT_CONVERSION = YES;
				CLANG_WARN_OBJC_ROOT_CLASS = YES_ERROR;
				CLANG_WARN_SUSPICIOUS_MOVES = YES;
				CLANG_WARN_UNREACHABLE_CODE = YES;
				CLANG_WARN__DUPLICATE_METHOD_MATCH = YES;
				"CODE_SIGN_IDENTITY[sdk=iphoneos*]" = "iPhone Developer";
				COPY_PHASE_STRIP = NO;
				DEBUG_INFORMATION_FORMAT = "dwarf-with-dsym";
				ENABLE_NS_ASSERTIONS = NO;
				ENABLE_STRICT_OBJC_MSGSEND = YES;
				GCC_C_LANGUAGE_STANDARD = gnu99;
				GCC_NO_COMMON_BLOCKS = YES;
				GCC_WARN_64_TO_32_BIT_CONVERSION = YES;
				GCC_WARN_ABOUT_RETURN_TYPE = YES_ERROR;
				GCC_WARN_UNDECLARED_SELECTOR = YES;
				GCC_WARN_UNINITIALIZED_AUTOS = YES_AGGRESSIVE;
				GCC_WARN_UNUSED_FUNCTION = YES;
				GCC_WARN_UNUSED_VARIABLE = YES;
				IPHONEOS_DEPLOYMENT_TARGET = 10.1;
				MTL_ENABLE_DEBUG_INFO = NO;
				SDKROOT = iphoneos;
				SWIFT_OPTIMIZATION_LEVEL = "-Owholemodule";
				VALIDATE_PRODUCT = YES;
			};
			name = Release;
		};
		C581146F1EF95A3A00CEF08E /* Debug */ = {
			isa = XCBuildConfiguration;
			buildSettings = {
				ASSETCATALOG_COMPILER_APPICON_NAME = AppIcon;
				INFOPLIST_FILE = testingCarthage/Info.plist;
				LD_RUNPATH_SEARCH_PATHS = "$(inherited) @executable_path/Frameworks";
				PRODUCT_BUNDLE_IDENTIFIER = Pankaj.ramchandani.testingCarthage;
				PRODUCT_NAME = "$(TARGET_NAME)";
				SWIFT_VERSION = 3.0;
			};
			name = Debug;
		};
		C58114701EF95A3A00CEF08E /* Release */ = {
			isa = XCBuildConfiguration;
			buildSettings = {
				ASSETCATALOG_COMPILER_APPICON_NAME = AppIcon;
				INFOPLIST_FILE = testingCarthage/Info.plist;
				LD_RUNPATH_SEARCH_PATHS = "$(inherited) @executable_path/Frameworks";
				PRODUCT_BUNDLE_IDENTIFIER = Pankaj.ramchandani.testingCarthage;
				PRODUCT_NAME = "$(TARGET_NAME)";
				SWIFT_VERSION = 3.0;
			};
			name = Release;
		};
/* End XCBuildConfiguration section */

/* Begin XCConfigurationList section */
		C58114571EF95A3A00CEF08E /* Build configuration list for PBXProject "testingCarthage" */ = {
			isa = XCConfigurationList;
			buildConfigurations = (
				C581146C1EF95A3A00CEF08E /* Debug */,
				C581146D1EF95A3A00CEF08E /* Release */,
			);
			defaultConfigurationIsVisible = 0;
			defaultConfigurationName = Release;
		};
		C581146E1EF95A3A00CEF08E /* Build configuration list for PBXNativeTarget "testingCarthage" */ = {
			isa = XCConfigurationList;
			buildConfigurations = (
				C581146F1EF95A3A00CEF08E /* Debug */,
				C58114701EF95A3A00CEF08E /* Release */,
			);
			defaultConfigurationIsVisible = 0;
		};
/* End XCConfigurationList section */
	};
	rootObject = C58114541EF95A3A00CEF08E /* Project object */;
}
